// !$*UTF8*$!
{
	archiveVersion = 1;
	classes = {
	};
	objectVersion = 46;
	objects = {

/* Begin PBXBuildFile section */
		20621A871C9BEF3C004170E3 /* AppDelegate.swift in Sources */ = {isa = PBXBuildFile; fileRef = 20621A861C9BEF3C004170E3 /* AppDelegate.swift */; };
		20621A891C9BEF3C004170E3 /* ViewController.swift in Sources */ = {isa = PBXBuildFile; fileRef = 20621A881C9BEF3C004170E3 /* ViewController.swift */; };
		20621A8C1C9BEF3C004170E3 /* Main.storyboard in Resources */ = {isa = PBXBuildFile; fileRef = 20621A8A1C9BEF3C004170E3 /* Main.storyboard */; };
		20621A8E1C9BEF3C004170E3 /* Assets.xcassets in Resources */ = {isa = PBXBuildFile; fileRef = 20621A8D1C9BEF3C004170E3 /* Assets.xcassets */; };
		20621A911C9BEF3C004170E3 /* LaunchScreen.storyboard in Resources */ = {isa = PBXBuildFile; fileRef = 20621A8F1C9BEF3C004170E3 /* LaunchScreen.storyboard */; };
		20621A9C1C9BEF3D004170E3 /* HitonTests.swift in Sources */ = {isa = PBXBuildFile; fileRef = 20621A9B1C9BEF3D004170E3 /* HitonTests.swift */; };
		20621AA71C9BEF3E004170E3 /* HitonUITests.swift in Sources */ = {isa = PBXBuildFile; fileRef = 20621AA61C9BEF3E004170E3 /* HitonUITests.swift */; };
/* End PBXBuildFile section */

/* Begin PBXContainerItemProxy section */
		20621A981C9BEF3D004170E3 /* PBXContainerItemProxy */ = {
			isa = PBXContainerItemProxy;
			containerPortal = 20621A7B1C9BEF3C004170E3 /* Project object */;
			proxyType = 1;
			remoteGlobalIDString = 20621A821C9BEF3C004170E3;
			remoteInfo = Hiton;
		};
		20621AA31C9BEF3E004170E3 /* PBXContainerItemProxy */ = {
			isa = PBXContainerItemProxy;
			containerPortal = 20621A7B1C9BEF3C004170E3 /* Project object */;
			proxyType = 1;
			remoteGlobalIDString = 20621A821C9BEF3C004170E3;
			remoteInfo = Hiton;
		};
/* End PBXContainerItemProxy section */

/* Begin PBXFileReference section */
		20621A831C9BEF3C004170E3 /* Hiton.app */ = {isa = PBXFileReference; explicitFileType = wrapper.application; includeInIndex = 0; path = Hiton.app; sourceTree = BUILT_PRODUCTS_DIR; };
		20621A861C9BEF3C004170E3 /* AppDelegate.swift */ = {isa = PBXFileReference; lastKnownFileType = sourcecode.swift; path = AppDelegate.swift; sourceTree = "<group>"; };
		20621A881C9BEF3C004170E3 /* ViewController.swift */ = {isa = PBXFileReference; lastKnownFileType = sourcecode.swift; path = ViewController.swift; sourceTree = "<group>"; };
		20621A8B1C9BEF3C004170E3 /* Base */ = {isa = PBXFileReference; lastKnownFileType = file.storyboard; name = Base; path = Base.lproj/Main.storyboard; sourceTree = "<group>"; };
		20621A8D1C9BEF3C004170E3 /* Assets.xcassets */ = {isa = PBXFileReference; lastKnownFileType = folder.assetcatalog; path = Assets.xcassets; sourceTree = "<group>"; };
		20621A901C9BEF3C004170E3 /* Base */ = {isa = PBXFileReference; lastKnownFileType = file.storyboard; name = Base; path = Base.lproj/LaunchScreen.storyboard; sourceTree = "<group>"; };
		20621A921C9BEF3C004170E3 /* Info.plist */ = {isa = PBXFileReference; lastKnownFileType = text.plist.xml; path = Info.plist; sourceTree = "<group>"; };
		20621A971C9BEF3D004170E3 /* HitonTests.xctest */ = {isa = PBXFileReference; explicitFileType = wrapper.cfbundle; includeInIndex = 0; path = HitonTests.xctest; sourceTree = BUILT_PRODUCTS_DIR; };
		20621A9B1C9BEF3D004170E3 /* HitonTests.swift */ = {isa = PBXFileReference; lastKnownFileType = sourcecode.swift; path = HitonTests.swift; sourceTree = "<group>"; };
		20621A9D1C9BEF3D004170E3 /* Info.plist */ = {isa = PBXFileReference; lastKnownFileType = text.plist.xml; path = Info.plist; sourceTree = "<group>"; };
		20621AA21C9BEF3E004170E3 /* HitonUITests.xctest */ = {isa = PBXFileReference; explicitFileType = wrapper.cfbundle; includeInIndex = 0; path = HitonUITests.xctest; sourceTree = BUILT_PRODUCTS_DIR; };
		20621AA61C9BEF3E004170E3 /* HitonUITests.swift */ = {isa = PBXFileReference; lastKnownFileType = sourcecode.swift; path = HitonUITests.swift; sourceTree = "<group>"; };
		20621AA81C9BEF3E004170E3 /* Info.plist */ = {isa = PBXFileReference; lastKnownFileType = text.plist.xml; path = Info.plist; sourceTree = "<group>"; };
/* End PBXFileReference section */

/* Begin PBXFrameworksBuildPhase section */
		20621A801C9BEF3C004170E3 /* Frameworks */ = {
			isa = PBXFrameworksBuildPhase;
			buildActionMask = 2147483647;
			files = (
			);
			runOnlyForDeploymentPostprocessing = 0;
		};
		20621A941C9BEF3D004170E3 /* Frameworks */ = {
			isa = PBXFrameworksBuildPhase;
			buildActionMask = 2147483647;
			files = (
			);
			runOnlyForDeploymentPostprocessing = 0;
		};
		20621A9F1C9BEF3E004170E3 /* Frameworks */ = {
			isa = PBXFrameworksBuildPhase;
			buildActionMask = 2147483647;
			files = (
			);
			runOnlyForDeploymentPostprocessing = 0;
		};
/* End PBXFrameworksBuildPhase section */

/* Begin PBXGroup section */
		20621A7A1C9BEF3C004170E3 = {
			isa = PBXGroup;
			children = (
				20621A851C9BEF3C004170E3 /* Hiton */,
				20621A9A1C9BEF3D004170E3 /* HitonTests */,
				20621AA51C9BEF3E004170E3 /* HitonUITests */,
				20621A841C9BEF3C004170E3 /* Products */,
			);
			sourceTree = "<group>";
		};
		20621A841C9BEF3C004170E3 /* Products */ = {
			isa = PBXGroup;
			children = (
				20621A831C9BEF3C004170E3 /* Hiton.app */,
				20621A971C9BEF3D004170E3 /* HitonTests.xctest */,
				20621AA21C9BEF3E004170E3 /* HitonUITests.xctest */,
			);
			name = Products;
			sourceTree = "<group>";
		};
		20621A851C9BEF3C004170E3 /* Hiton */ = {
			isa = PBXGroup;
			children = (
				20621A861C9BEF3C004170E3 /* AppDelegate.swift */,
				20621A881C9BEF3C004170E3 /* ViewController.swift */,
				20621A8A1C9BEF3C004170E3 /* Main.storyboard */,
				20621A8D1C9BEF3C004170E3 /* Assets.xcassets */,
				20621A8F1C9BEF3C004170E3 /* LaunchScreen.storyboard */,
				20621A921C9BEF3C004170E3 /* Info.plist */,
			);
			path = Hiton;
			sourceTree = "<group>";
		};
		20621A9A1C9BEF3D004170E3 /* HitonTests */ = {
			isa = PBXGroup;
			children = (
				20621A9B1C9BEF3D004170E3 /* HitonTests.swift */,
				20621A9D1C9BEF3D004170E3 /* Info.plist */,
			);
			path = HitonTests;
			sourceTree = "<group>";
		};
		20621AA51C9BEF3E004170E3 /* HitonUITests */ = {
			isa = PBXGroup;
			children = (
				20621AA61C9BEF3E004170E3 /* HitonUITests.swift */,
				20621AA81C9BEF3E004170E3 /* Info.plist */,
			);
			path = HitonUITests;
			sourceTree = "<group>";
		};
/* End PBXGroup section */

/* Begin PBXNativeTarget section */
		20621A821C9BEF3C004170E3 /* Hiton */ = {
			isa = PBXNativeTarget;
			buildConfigurationList = 20621AAB1C9BEF3E004170E3 /* Build configuration list for PBXNativeTarget "Hiton" */;
			buildPhases = (
				20621A7F1C9BEF3C004170E3 /* Sources */,
				20621A801C9BEF3C004170E3 /* Frameworks */,
				20621A811C9BEF3C004170E3 /* Resources */,
			);
			buildRules = (
			);
			dependencies = (
			);
			name = Hiton;
			productName = Hiton;
			productReference = 20621A831C9BEF3C004170E3 /* Hiton.app */;
			productType = "com.apple.product-type.application";
		};
		20621A961C9BEF3D004170E3 /* HitonTests */ = {
			isa = PBXNativeTarget;
			buildConfigurationList = 20621AAE1C9BEF3E004170E3 /* Build configuration list for PBXNativeTarget "HitonTests" */;
			buildPhases = (
				20621A931C9BEF3D004170E3 /* Sources */,
				20621A941C9BEF3D004170E3 /* Frameworks */,
				20621A951C9BEF3D004170E3 /* Resources */,
			);
			buildRules = (
			);
			dependencies = (
				20621A991C9BEF3D004170E3 /* PBXTargetDependency */,
			);
			name = HitonTests;
			productName = HitonTests;
			productReference = 20621A971C9BEF3D004170E3 /* HitonTests.xctest */;
			productType = "com.apple.product-type.bundle.unit-test";
		};
		20621AA11C9BEF3E004170E3 /* HitonUITests */ = {
			isa = PBXNativeTarget;
			buildConfigurationList = 20621AB11C9BEF3E004170E3 /* Build configuration list for PBXNativeTarget "HitonUITests" */;
			buildPhases = (
				20621A9E1C9BEF3E004170E3 /* Sources */,
				20621A9F1C9BEF3E004170E3 /* Frameworks */,
				20621AA01C9BEF3E004170E3 /* Resources */,
			);
			buildRules = (
			);
			dependencies = (
				20621AA41C9BEF3E004170E3 /* PBXTargetDependency */,
			);
			name = HitonUITests;
			productName = HitonUITests;
			productReference = 20621AA21C9BEF3E004170E3 /* HitonUITests.xctest */;
			productType = "com.apple.product-type.bundle.ui-testing";
		};
/* End PBXNativeTarget section */

/* Begin PBXProject section */
		20621A7B1C9BEF3C004170E3 /* Project object */ = {
			isa = PBXProject;
			attributes = {
				LastSwiftUpdateCheck = 0720;
				LastUpgradeCheck = 0720;
				ORGANIZATIONNAME = apsystem;
				TargetAttributes = {
					20621A821C9BEF3C004170E3 = {
						CreatedOnToolsVersion = 7.2.1;
					};
					20621A961C9BEF3D004170E3 = {
						CreatedOnToolsVersion = 7.2.1;
						TestTargetID = 20621A821C9BEF3C004170E3;
					};
					20621AA11C9BEF3E004170E3 = {
						CreatedOnToolsVersion = 7.2.1;
						TestTargetID = 20621A821C9BEF3C004170E3;
					};
				};
			};
			buildConfigurationList = 20621A7E1C9BEF3C004170E3 /* Build configuration list for PBXProject "Hiton" */;
			compatibilityVersion = "Xcode 3.2";
			developmentRegion = English;
			hasScannedForEncodings = 0;
			knownRegions = (
				en,
				Base,
			);
			mainGroup = 20621A7A1C9BEF3C004170E3;
			productRefGroup = 20621A841C9BEF3C004170E3 /* Products */;
			projectDirPath = "";
			projectRoot = "";
			targets = (
				20621A821C9BEF3C004170E3 /* Hiton */,
				20621A961C9BEF3D004170E3 /* HitonTests */,
				20621AA11C9BEF3E004170E3 /* HitonUITests */,
			);
		};
/* End PBXProject section */

/* Begin PBXResourcesBuildPhase section */
		20621A811C9BEF3C004170E3 /* Resources */ = {
			isa = PBXResourcesBuildPhase;
			buildActionMask = 2147483647;
			files = (
				20621A911C9BEF3C004170E3 /* LaunchScreen.storyboard in Resources */,
				20621A8E1C9BEF3C004170E3 /* Assets.xcassets in Resources */,
				20621A8C1C9BEF3C004170E3 /* Main.storyboard in Resources */,
			);
			runOnlyForDeploymentPostprocessing = 0;
		};
		20621A951C9BEF3D004170E3 /* Resources */ = {
			isa = PBXResourcesBuildPhase;
			buildActionMask = 2147483647;
			files = (
			);
			runOnlyForDeploymentPostprocessing = 0;
		};
		20621AA01C9BEF3E004170E3 /* Resources */ = {
			isa = PBXResourcesBuildPhase;
			buildActionMask = 2147483647;
			files = (
			);
			runOnlyForDeploymentPostprocessing = 0;
		};
/* End PBXResourcesBuildPhase section */

/* Begin PBXSourcesBuildPhase section */
		20621A7F1C9BEF3C004170E3 /* Sources */ = {
			isa = PBXSourcesBuildPhase;
			buildActionMask = 2147483647;
			files = (
				20621A891C9BEF3C004170E3 /* ViewController.swift in Sources */,
				20621A871C9BEF3C004170E3 /* AppDelegate.swift in Sources */,
			);
			runOnlyForDeploymentPostprocessing = 0;
		};
		20621A931C9BEF3D004170E3 /* Sources */ = {
			isa = PBXSourcesBuildPhase;
			buildActionMask = 2147483647;
			files = (
				20621A9C1C9BEF3D004170E3 /* HitonTests.swift in Sources */,
			);
			runOnlyForDeploymentPostprocessing = 0;
		};
		20621A9E1C9BEF3E004170E3 /* Sources */ = {
			isa = PBXSourcesBuildPhase;
			buildActionMask = 2147483647;
			files = (
				20621AA71C9BEF3E004170E3 /* HitonUITests.swift in Sources */,
			);
			runOnlyForDeploymentPostprocessing = 0;
		};
/* End PBXSourcesBuildPhase section */

/* Begin PBXTargetDependency section */
		20621A991C9BEF3D004170E3 /* PBXTargetDependency */ = {
			isa = PBXTargetDependency;
			target = 20621A821C9BEF3C004170E3 /* Hiton */;
			targetProxy = 20621A981C9BEF3D004170E3 /* PBXContainerItemProxy */;
		};
		20621AA41C9BEF3E004170E3 /* PBXTargetDependency */ = {
			isa = PBXTargetDependency;
			target = 20621A821C9BEF3C004170E3 /* Hiton */;
			targetProxy = 20621AA31C9BEF3E004170E3 /* PBXContainerItemProxy */;
		};
/* End PBXTargetDependency section */

/* Begin PBXVariantGroup section */
		20621A8A1C9BEF3C004170E3 /* Main.storyboard */ = {
			isa = PBXVariantGroup;
			children = (
				20621A8B1C9BEF3C004170E3 /* Base */,
			);
			name = Main.storyboard;
			sourceTree = "<group>";
		};
		20621A8F1C9BEF3C004170E3 /* LaunchScreen.storyboard */ = {
			isa = PBXVariantGroup;
			children = (
				20621A901C9BEF3C004170E3 /* Base */,
			);
			name = LaunchScreen.storyboard;
			sourceTree = "<group>";
		};
/* End PBXVariantGroup section */

/* Begin XCBuildConfiguration section */
		20621AA91C9BEF3E004170E3 /* Debug */ = {
			isa = XCBuildConfiguration;
			buildSettings = {
				ALWAYS_SEARCH_USER_PATHS = NO;
				CLANG_CXX_LANGUAGE_STANDARD = "gnu++0x";
				CLANG_CXX_LIBRARY = "libc++";
				CLANG_ENABLE_MODULES = YES;
				CLANG_ENABLE_OBJC_ARC = YES;
				CLANG_WARN_BOOL_CONVERSION = YES;
				CLANG_WARN_CONSTANT_CONVERSION = YES;
				CLANG_WARN_DIRECT_OBJC_ISA_USAGE = YES_ERROR;
				CLANG_WARN_EMPTY_BODY = YES;
				CLANG_WARN_ENUM_CONVERSION = YES;
				CLANG_WARN_INT_CONVERSION = YES;
				CLANG_WARN_OBJC_ROOT_CLASS = YES_ERROR;
				CLANG_WARN_UNREACHABLE_CODE = YES;
				CLANG_WARN__DUPLICATE_METHOD_MATCH = YES;
				"CODE_SIGN_IDENTITY[sdk=iphoneos*]" = "iPhone Developer";
				COPY_PHASE_STRIP = NO;
				DEBUG_INFORMATION_FORMAT = dwarf;
				ENABLE_STRICT_OBJC_MSGSEND = YES;
				ENABLE_TESTABILITY = YES;
				GCC_C_LANGUAGE_STANDARD = gnu99;
				GCC_DYNAMIC_NO_PIC = NO;
				GCC_NO_COMMON_BLOCKS = YES;
				GCC_OPTIMIZATION_LEVEL = 0;
				GCC_PREPROCESSOR_DEFINITIONS = (
					"DEBUG=1",
					"$(inherited)",
				);
				GCC_WARN_64_TO_32_BIT_CONVERSION = YES;
				GCC_WARN_ABOUT_RETURN_TYPE = YES_ERROR;
				GCC_WARN_UNDECLARED_SELECTOR = YES;
				GCC_WARN_UNINITIALIZED_AUTOS = YES_AGGRESSIVE;
				GCC_WARN_UNUSED_FUNCTION = YES;
				GCC_WARN_UNUSED_VARIABLE = YES;
				IPHONEOS_DEPLOYMENT_TARGET = 9.2;
				MTL_ENABLE_DEBUG_INFO = YES;
				ONLY_ACTIVE_ARCH = YES;
				SDKROOT = iphoneos;
				SWIFT_OPTIMIZATION_LEVEL = "-Onone";
			};
			name = Debug;
		};
		20621AAA1C9BEF3E004170E3 /* Release */ = {
			isa = XCBuildConfiguration;
			buildSettings = {
				ALWAYS_SEARCH_USER_PATHS = NO;
				CLANG_CXX_LANGUAGE_STANDARD = "gnu++0x";
				CLANG_CXX_LIBRARY = "libc++";
				CLANG_ENABLE_MODULES = YES;
				CLANG_ENABLE_OBJC_ARC = YES;
				CLANG_WARN_BOOL_CONVERSION = YES;
				CLANG_WARN_CONSTANT_CONVERSION = YES;
				CLANG_WARN_DIRECT_OBJC_ISA_USAGE = YES_ERROR;
				CLANG_WARN_EMPTY_BODY = YES;
				CLANG_WARN_ENUM_CONVERSION = YES;
				CLANG_WARN_INT_CONVERSION = YES;
				CLANG_WARN_OBJC_ROOT_CLASS = YES_ERROR;
				CLANG_WARN_UNREACHABLE_CODE = YES;
				CLANG_WARN__DUPLICATE_METHOD_MATCH = YES;
				"CODE_SIGN_IDENTITY[sdk=iphoneos*]" = "iPhone Developer";
				COPY_PHASE_STRIP = NO;
				DEBUG_INFORMATION_FORMAT = "dwarf-with-dsym";
				ENABLE_NS_ASSERTIONS = NO;
				ENABLE_STRICT_OBJC_MSGSEND = YES;
				GCC_C_LANGUAGE_STANDARD = gnu99;
				GCC_NO_COMMON_BLOCKS = YES;
				GCC_WARN_64_TO_32_BIT_CONVERSION = YES;
				GCC_WARN_ABOUT_RETURN_TYPE = YES_ERROR;
				GCC_WARN_UNDECLARED_SELECTOR = YES;
				GCC_WARN_UNINITIALIZED_AUTOS = YES_AGGRESSIVE;
				GCC_WARN_UNUSED_FUNCTION = YES;
				GCC_WARN_UNUSED_VARIABLE = YES;
				IPHONEOS_DEPLOYMENT_TARGET = 9.2;
				MTL_ENABLE_DEBUG_INFO = NO;
				SDKROOT = iphoneos;
				VALIDATE_PRODUCT = YES;
			};
			name = Release;
		};
		20621AAC1C9BEF3E004170E3 /* Debug */ = {
			isa = XCBuildConfiguration;
			buildSettings = {
				ASSETCATALOG_COMPILER_APPICON_NAME = AppIcon;
				INFOPLIST_FILE = Hiton/Info.plist;
				LD_RUNPATH_SEARCH_PATHS = "$(inherited) @executable_path/Frameworks";
				PRODUCT_BUNDLE_IDENTIFIER = com.Hiton;
				PRODUCT_NAME = "$(TARGET_NAME)";
			};
			name = Debug;
		};
		20621AAD1C9BEF3E004170E3 /* Release */ = {
			isa = XCBuildConfiguration;
			buildSettings = {
				ASSETCATALOG_COMPILER_APPICON_NAME = AppIcon;
				INFOPLIST_FILE = Hiton/Info.plist;
				LD_RUNPATH_SEARCH_PATHS = "$(inherited) @executable_path/Frameworks";
				PRODUCT_BUNDLE_IDENTIFIER = com.Hiton;
				PRODUCT_NAME = "$(TARGET_NAME)";
			};
			name = Release;
		};
		20621AAF1C9BEF3E004170E3 /* Debug */ = {
			isa = XCBuildConfiguration;
			buildSettings = {
				BUNDLE_LOADER = "$(TEST_HOST)";
				INFOPLIST_FILE = HitonTests/Info.plist;
				LD_RUNPATH_SEARCH_PATHS = "$(inherited) @executable_path/Frameworks @loader_path/Frameworks";
				PRODUCT_BUNDLE_IDENTIFIER = com.HitonTests;
				PRODUCT_NAME = "$(TARGET_NAME)";
				TEST_HOST = "$(BUILT_PRODUCTS_DIR)/Hiton.app/Hiton";
			};
			name = Debug;
		};
		20621AB01C9BEF3E004170E3 /* Release */ = {
			isa = XCBuildConfiguration;
			buildSettings = {
				BUNDLE_LOADER = "$(TEST_HOST)";
				INFOPLIST_FILE = HitonTests/Info.plist;
				LD_RUNPATH_SEARCH_PATHS = "$(inherited) @executable_path/Frameworks @loader_path/Frameworks";
				PRODUCT_BUNDLE_IDENTIFIER = com.HitonTests;
				PRODUCT_NAME = "$(TARGET_NAME)";
				TEST_HOST = "$(BUILT_PRODUCTS_DIR)/Hiton.app/Hiton";
			};
			name = Release;
		};
		20621AB21C9BEF3E004170E3 /* Debug */ = {
			isa = XCBuildConfiguration;
			buildSettings = {
				INFOPLIST_FILE = HitonUITests/Info.plist;
				LD_RUNPATH_SEARCH_PATHS = "$(inherited) @executable_path/Frameworks @loader_path/Frameworks";
				PRODUCT_BUNDLE_IDENTIFIER = com.HitonUITests;
				PRODUCT_NAME = "$(TARGET_NAME)";
				TEST_TARGET_NAME = Hiton;
				USES_XCTRUNNER = YES;
			};
			name = Debug;
		};
		20621AB31C9BEF3E004170E3 /* Release */ = {
			isa = XCBuildConfiguration;
			buildSettings = {
				INFOPLIST_FILE = HitonUITests/Info.plist;
				LD_RUNPATH_SEARCH_PATHS = "$(inherited) @executable_path/Frameworks @loader_path/Frameworks";
				PRODUCT_BUNDLE_IDENTIFIER = com.HitonUITests;
				PRODUCT_NAME = "$(TARGET_NAME)";
				TEST_TARGET_NAME = Hiton;
				USES_XCTRUNNER = YES;
			};
			name = Release;
		};
/* End XCBuildConfiguration section */

/* Begin XCConfigurationList section */
		20621A7E1C9BEF3C004170E3 /* Build configuration list for PBXProject "Hiton" */ = {
			isa = XCConfigurationList;
			buildConfigurations = (
				20621AA91C9BEF3E004170E3 /* Debug */,
				20621AAA1C9BEF3E004170E3 /* Release */,
			);
			defaultConfigurationIsVisible = 0;
			defaultConfigurationName = Release;
		};
		20621AAB1C9BEF3E004170E3 /* Build configuration list for PBXNativeTarget "Hiton" */ = {
			isa = XCConfigurationList;
			buildConfigurations = (
				20621AAC1C9BEF3E004170E3 /* Debug */,
				20621AAD1C9BEF3E004170E3 /* Release */,
			);
			defaultConfigurationIsVisible = 0;
		};
		20621AAE1C9BEF3E004170E3 /* Build configuration list for PBXNativeTarget "HitonTests" */ = {
			isa = XCConfigurationList;
			buildConfigurations = (
				20621AAF1C9BEF3E004170E3 /* Debug */,
				20621AB01C9BEF3E004170E3 /* Release */,
			);
			defaultConfigurationIsVisible = 0;
		};
		20621AB11C9BEF3E004170E3 /* Build configuration list for PBXNativeTarget "HitonUITests" */ = {
			isa = XCConfigurationList;
			buildConfigurations = (
				20621AB21C9BEF3E004170E3 /* Debug */,
				20621AB31C9BEF3E004170E3 /* Release */,
			);
			defaultConfigurationIsVisible = 0;
		};
/* End XCConfigurationList section */
	};
	rootObject = 20621A7B1C9BEF3C004170E3 /* Project object */;
}
